
Microsoft Visual Studio Solution File, Format Version 12.00
# Visual Studio Version 17
VisualStudioVersion = 17.0.31903.59
MinimumVisualStudioVersion = 10.0.40219.1
Project("{9A19103F-16F7-4668-BE54-9A1E7A4F7556}") = "Nox.Cli", "Nox.Cli\Nox.Cli.csproj", "{71AF2BBF-4D89-423A-A1EA-2644B561EB00}"
EndProject
Project("{2150E333-8FDC-42A3-9474-1A3956D46DE8}") = "Solution Items", "Solution Items", "{5693B254-65BC-4553-AD0F-1C825F235DFE}"
EndProject
Project("{9A19103F-16F7-4668-BE54-9A1E7A4F7556}") = "Nox.Cli.Abstractions", "Nox.Cli.Abstractions\Nox.Cli.Abstractions.csproj", "{AFEB9CCC-92CA-4AFD-9536-5AC41B2EC329}"
EndProject
Project("{9A19103F-16F7-4668-BE54-9A1E7A4F7556}") = "Nox.Cli.Plugin.Network", "Nox.Cli.Plugins\Nox.Cli.Plugin.Network\Nox.Cli.Plugin.Network.csproj", "{8E8A45E5-B66E-41CE-B2D6-9247CA53B34B}"
EndProject
Project("{9A19103F-16F7-4668-BE54-9A1E7A4F7556}") = "Nox.Cli.Plugin.Postgres", "Nox.Cli.Plugins\Nox.Cli.Plugin.Postgres\Nox.Cli.Plugin.Postgres.csproj", "{E4CFA41A-B61C-45E8-BB27-FD430E83AD59}"
EndProject
Project("{FAE04EC0-301F-11D3-BF4B-00C04F79EFBC}") = "Nox.Cli.Plugin.Core", "Nox.Cli.Plugin.Core\Nox.Cli.Plugin.Core.csproj", "{AE01032E-ECD0-4407-8403-DFD13C05BC98}"
EndProject
Project("{FAE04EC0-301F-11D3-BF4B-00C04F79EFBC}") = "Nox.Cli.Plugin.AzureAd", "Nox.Cli.Plugins\Nox.Cli.Plugin.AzureAd\Nox.Cli.Plugin.AzureAd.csproj", "{525BE305-D86D-4D12-BC0E-1DD680970521}"
EndProject
Project("{FAE04EC0-301F-11D3-BF4B-00C04F79EFBC}") = "Nox.Cli.Plugin.AzDevOps", "Nox.Cli.Plugins\Nox.Cli.Plugin.AzDevOps\Nox.Cli.Plugin.AzDevOps.csproj", "{EBD62630-AAEB-4535-9133-8C2B9F70B92E}"
EndProject
Project("{FAE04EC0-301F-11D3-BF4B-00C04F79EFBC}") = "Nox.Cli.Plugin.Powershell", "Nox.Cli.Plugins\Nox.Cli.Plugin.Powershell\Nox.Cli.Plugin.Powershell.csproj", "{A756124C-2559-4032-BB26-8FBC9E32CCB6}"
EndProject
Project("{FAE04EC0-301F-11D3-BF4B-00C04F79EFBC}") = "Nox.Cli.Plugin.File", "Nox.Cli.Plugins\Nox.Cli.Plugin.File\Nox.Cli.Plugin.File.csproj", "{EE229EFB-FC0F-4A36-BF01-016989A3E069}"
EndProject
Project("{FAE04EC0-301F-11D3-BF4B-00C04F79EFBC}") = "Nox.Cli.Plugin.Console", "Nox.Cli.Plugins\Nox.Cli.Plugin.Console\Nox.Cli.Plugin.Console.csproj", "{99D27D81-9868-49B9-B344-17826D0554EB}"
EndProject
Project("{FAE04EC0-301F-11D3-BF4B-00C04F79EFBC}") = "Nox.Cli.Server", "Nox.Cli.Server\Nox.Cli.Server.csproj", "{5A53E5C3-4470-4C17-992A-0A23DC4D8CBB}"
EndProject
Project("{FAE04EC0-301F-11D3-BF4B-00C04F79EFBC}") = "Nox.Cli.Shared.DTO", "Nox.Cli.Shared.DTO\Nox.Cli.Shared.DTO.csproj", "{E8E7C18B-EE89-43E0-9E7B-42AA025CC757}"
EndProject
Project("{FAE04EC0-301F-11D3-BF4B-00C04F79EFBC}") = "Nox.Cli.Server.Tests", "Nox.Cli.Server.Tests\Nox.Cli.Server.Tests.csproj", "{B0A97144-20F8-4CD1-A8D2-653DC262BB94}"
EndProject
Project("{FAE04EC0-301F-11D3-BF4B-00C04F79EFBC}") = "Nox.Cli.Server.Integration", "Nox.Cli.Server.Integration\Nox.Cli.Server.Integration.csproj", "{23FA13E2-E0C4-4172-BD19-760DF7B4AB0E}"
EndProject
Project("{FAE04EC0-301F-11D3-BF4B-00C04F79EFBC}") = "Nox.Cli.Authentication", "Nox.Cli.Authentication\Nox.Cli.Authentication.csproj", "{6438E836-2653-4B24-8DF5-C724D511D017}"
EndProject
Global
	GlobalSection(SolutionConfigurationPlatforms) = preSolution
		Debug|Any CPU = Debug|Any CPU
		Release|Any CPU = Release|Any CPU
	EndGlobalSection
	GlobalSection(ProjectConfigurationPlatforms) = postSolution
		{71AF2BBF-4D89-423A-A1EA-2644B561EB00}.Debug|Any CPU.ActiveCfg = Debug|Any CPU
		{71AF2BBF-4D89-423A-A1EA-2644B561EB00}.Debug|Any CPU.Build.0 = Debug|Any CPU
		{71AF2BBF-4D89-423A-A1EA-2644B561EB00}.Release|Any CPU.ActiveCfg = Release|Any CPU
		{71AF2BBF-4D89-423A-A1EA-2644B561EB00}.Release|Any CPU.Build.0 = Release|Any CPU
		{AFEB9CCC-92CA-4AFD-9536-5AC41B2EC329}.Debug|Any CPU.ActiveCfg = Debug|Any CPU
		{AFEB9CCC-92CA-4AFD-9536-5AC41B2EC329}.Debug|Any CPU.Build.0 = Debug|Any CPU
		{AFEB9CCC-92CA-4AFD-9536-5AC41B2EC329}.Release|Any CPU.ActiveCfg = Release|Any CPU
		{AFEB9CCC-92CA-4AFD-9536-5AC41B2EC329}.Release|Any CPU.Build.0 = Release|Any CPU
		{8E8A45E5-B66E-41CE-B2D6-9247CA53B34B}.Debug|Any CPU.ActiveCfg = Debug|Any CPU
		{8E8A45E5-B66E-41CE-B2D6-9247CA53B34B}.Debug|Any CPU.Build.0 = Debug|Any CPU
		{8E8A45E5-B66E-41CE-B2D6-9247CA53B34B}.Release|Any CPU.ActiveCfg = Release|Any CPU
		{8E8A45E5-B66E-41CE-B2D6-9247CA53B34B}.Release|Any CPU.Build.0 = Release|Any CPU
		{E4CFA41A-B61C-45E8-BB27-FD430E83AD59}.Debug|Any CPU.ActiveCfg = Debug|Any CPU
		{E4CFA41A-B61C-45E8-BB27-FD430E83AD59}.Debug|Any CPU.Build.0 = Debug|Any CPU
		{E4CFA41A-B61C-45E8-BB27-FD430E83AD59}.Release|Any CPU.ActiveCfg = Release|Any CPU
		{E4CFA41A-B61C-45E8-BB27-FD430E83AD59}.Release|Any CPU.Build.0 = Release|Any CPU
		{AE01032E-ECD0-4407-8403-DFD13C05BC98}.Debug|Any CPU.ActiveCfg = Debug|Any CPU
		{AE01032E-ECD0-4407-8403-DFD13C05BC98}.Debug|Any CPU.Build.0 = Debug|Any CPU
		{AE01032E-ECD0-4407-8403-DFD13C05BC98}.Release|Any CPU.ActiveCfg = Release|Any CPU
		{AE01032E-ECD0-4407-8403-DFD13C05BC98}.Release|Any CPU.Build.0 = Release|Any CPU
		{525BE305-D86D-4D12-BC0E-1DD680970521}.Debug|Any CPU.ActiveCfg = Debug|Any CPU
		{525BE305-D86D-4D12-BC0E-1DD680970521}.Debug|Any CPU.Build.0 = Debug|Any CPU
		{525BE305-D86D-4D12-BC0E-1DD680970521}.Release|Any CPU.ActiveCfg = Release|Any CPU
		{525BE305-D86D-4D12-BC0E-1DD680970521}.Release|Any CPU.Build.0 = Release|Any CPU
		{EBD62630-AAEB-4535-9133-8C2B9F70B92E}.Debug|Any CPU.ActiveCfg = Debug|Any CPU
		{EBD62630-AAEB-4535-9133-8C2B9F70B92E}.Debug|Any CPU.Build.0 = Debug|Any CPU
		{EBD62630-AAEB-4535-9133-8C2B9F70B92E}.Release|Any CPU.ActiveCfg = Release|Any CPU
		{EBD62630-AAEB-4535-9133-8C2B9F70B92E}.Release|Any CPU.Build.0 = Release|Any CPU
		{A756124C-2559-4032-BB26-8FBC9E32CCB6}.Debug|Any CPU.ActiveCfg = Debug|Any CPU
		{A756124C-2559-4032-BB26-8FBC9E32CCB6}.Debug|Any CPU.Build.0 = Debug|Any CPU
		{A756124C-2559-4032-BB26-8FBC9E32CCB6}.Release|Any CPU.ActiveCfg = Release|Any CPU
		{A756124C-2559-4032-BB26-8FBC9E32CCB6}.Release|Any CPU.Build.0 = Release|Any CPU
		{EE229EFB-FC0F-4A36-BF01-016989A3E069}.Debug|Any CPU.ActiveCfg = Debug|Any CPU
		{EE229EFB-FC0F-4A36-BF01-016989A3E069}.Debug|Any CPU.Build.0 = Debug|Any CPU
		{EE229EFB-FC0F-4A36-BF01-016989A3E069}.Release|Any CPU.ActiveCfg = Release|Any CPU
		{EE229EFB-FC0F-4A36-BF01-016989A3E069}.Release|Any CPU.Build.0 = Release|Any CPU
		{99D27D81-9868-49B9-B344-17826D0554EB}.Debug|Any CPU.ActiveCfg = Debug|Any CPU
		{99D27D81-9868-49B9-B344-17826D0554EB}.Debug|Any CPU.Build.0 = Debug|Any CPU
		{99D27D81-9868-49B9-B344-17826D0554EB}.Release|Any CPU.ActiveCfg = Release|Any CPU
		{99D27D81-9868-49B9-B344-17826D0554EB}.Release|Any CPU.Build.0 = Release|Any CPU
		{5A53E5C3-4470-4C17-992A-0A23DC4D8CBB}.Debug|Any CPU.ActiveCfg = Debug|Any CPU
		{5A53E5C3-4470-4C17-992A-0A23DC4D8CBB}.Debug|Any CPU.Build.0 = Debug|Any CPU
		{5A53E5C3-4470-4C17-992A-0A23DC4D8CBB}.Release|Any CPU.ActiveCfg = Release|Any CPU
		{5A53E5C3-4470-4C17-992A-0A23DC4D8CBB}.Release|Any CPU.Build.0 = Release|Any CPU
		{E8E7C18B-EE89-43E0-9E7B-42AA025CC757}.Debug|Any CPU.ActiveCfg = Debug|Any CPU
		{E8E7C18B-EE89-43E0-9E7B-42AA025CC757}.Debug|Any CPU.Build.0 = Debug|Any CPU
		{E8E7C18B-EE89-43E0-9E7B-42AA025CC757}.Release|Any CPU.ActiveCfg = Release|Any CPU
		{E8E7C18B-EE89-43E0-9E7B-42AA025CC757}.Release|Any CPU.Build.0 = Release|Any CPU
		{B0A97144-20F8-4CD1-A8D2-653DC262BB94}.Debug|Any CPU.ActiveCfg = Debug|Any CPU
		{B0A97144-20F8-4CD1-A8D2-653DC262BB94}.Debug|Any CPU.Build.0 = Debug|Any CPU
		{B0A97144-20F8-4CD1-A8D2-653DC262BB94}.Release|Any CPU.ActiveCfg = Release|Any CPU
		{B0A97144-20F8-4CD1-A8D2-653DC262BB94}.Release|Any CPU.Build.0 = Release|Any CPU
		{23FA13E2-E0C4-4172-BD19-760DF7B4AB0E}.Debug|Any CPU.ActiveCfg = Debug|Any CPU
		{23FA13E2-E0C4-4172-BD19-760DF7B4AB0E}.Debug|Any CPU.Build.0 = Debug|Any CPU
		{23FA13E2-E0C4-4172-BD19-760DF7B4AB0E}.Release|Any CPU.ActiveCfg = Release|Any CPU
		{23FA13E2-E0C4-4172-BD19-760DF7B4AB0E}.Release|Any CPU.Build.0 = Release|Any CPU
		{6438E836-2653-4B24-8DF5-C724D511D017}.Debug|Any CPU.ActiveCfg = Debug|Any CPU
		{6438E836-2653-4B24-8DF5-C724D511D017}.Debug|Any CPU.Build.0 = Debug|Any CPU
		{6438E836-2653-4B24-8DF5-C724D511D017}.Release|Any CPU.ActiveCfg = Release|Any CPU
		{6438E836-2653-4B24-8DF5-C724D511D017}.Release|Any CPU.Build.0 = Release|Any CPU
	EndGlobalSection
	GlobalSection(SolutionProperties) = preSolution
		HideSolutionNode = FALSE
	EndGlobalSection
	GlobalSection(ExtensibilityGlobals) = postSolution
		SolutionGuid = {B440C24E-F11D-4F28-9EE5-F7AB214679E6}
	EndGlobalSection
	GlobalSection(NestedProjects) = preSolution
		{A756124C-2559-4032-BB26-8FBC9E32CCB6} = {6E571105-AAD9-437E-BB86-E3D682786253}
		{99D27D81-9868-49B9-B344-17826D0554EB} = {417CEF6C-3342-434D-92C7-B1A4597EE655}
	EndGlobalSection
EndGlobal
