
Microsoft Visual Studio Solution File, Format Version 12.00
# Visual Studio Version 17
VisualStudioVersion = 17.0.31903.59
MinimumVisualStudioVersion = 10.0.40219.1
Project("{9A19103F-16F7-4668-BE54-9A1E7A4F7556}") = "Nox.Cli", "Nox.Cli\Nox.Cli.csproj", "{71AF2BBF-4D89-423A-A1EA-2644B561EB00}"
EndProject
Project("{2150E333-8FDC-42A3-9474-1A3956D46DE8}") = "Solution Items", "Solution Items", "{5693B254-65BC-4553-AD0F-1C825F235DFE}"
EndProject
Project("{9A19103F-16F7-4668-BE54-9A1E7A4F7556}") = "Nox.Cli.Abstractions", "Nox.Cli.Abstractions\Nox.Cli.Abstractions.csproj", "{AFEB9CCC-92CA-4AFD-9536-5AC41B2EC329}"
EndProject
Project("{9A19103F-16F7-4668-BE54-9A1E7A4F7556}") = "Nox.Cli.Plugin.Network", "Nox.Cli.Plugins\Nox.Cli.Plugin.Network\Nox.Cli.Plugin.Network.csproj", "{8E8A45E5-B66E-41CE-B2D6-9247CA53B34B}"
EndProject
Project("{9A19103F-16F7-4668-BE54-9A1E7A4F7556}") = "Nox.Cli.Plugin.Postgres", "Nox.Cli.Plugins\Nox.Cli.Plugin.Postgres\Nox.Cli.Plugin.Postgres.csproj", "{E4CFA41A-B61C-45E8-BB27-FD430E83AD59}"
EndProject
Project("{FAE04EC0-301F-11D3-BF4B-00C04F79EFBC}") = "Nox.Cli.Plugin.AzureAd", "Nox.Cli.Plugins\Nox.Cli.Plugin.AzureAd\Nox.Cli.Plugin.AzureAd.csproj", "{525BE305-D86D-4D12-BC0E-1DD680970521}"
EndProject
Project("{FAE04EC0-301F-11D3-BF4B-00C04F79EFBC}") = "Nox.Cli.Plugin.AzDevOps", "Nox.Cli.Plugins\Nox.Cli.Plugin.AzDevOps\Nox.Cli.Plugin.AzDevOps.csproj", "{EBD62630-AAEB-4535-9133-8C2B9F70B92E}"
EndProject
Project("{FAE04EC0-301F-11D3-BF4B-00C04F79EFBC}") = "Nox.Cli.Plugin.Powershell", "Nox.Cli.Plugins\Nox.Cli.Plugin.Powershell\Nox.Cli.Plugin.Powershell.csproj", "{A756124C-2559-4032-BB26-8FBC9E32CCB6}"
EndProject
Project("{FAE04EC0-301F-11D3-BF4B-00C04F79EFBC}") = "Nox.Cli.Plugin.File", "Nox.Cli.Plugins\Nox.Cli.Plugin.File\Nox.Cli.Plugin.File.csproj", "{EE229EFB-FC0F-4A36-BF01-016989A3E069}"
EndProject
Project("{FAE04EC0-301F-11D3-BF4B-00C04F79EFBC}") = "Nox.Cli.Plugin.Console", "Nox.Cli.Plugins\Nox.Cli.Plugin.Console\Nox.Cli.Plugin.Console.csproj", "{99D27D81-9868-49B9-B344-17826D0554EB}"
EndProject
Project("{FAE04EC0-301F-11D3-BF4B-00C04F79EFBC}") = "Nox.Cli.Server", "Nox.Cli.Server\Nox.Cli.Server.csproj", "{5A53E5C3-4470-4C17-992A-0A23DC4D8CBB}"
EndProject
Project("{FAE04EC0-301F-11D3-BF4B-00C04F79EFBC}") = "Nox.Cli.Shared.DTO", "Nox.Cli.Shared.DTO\Nox.Cli.Shared.DTO.csproj", "{E8E7C18B-EE89-43E0-9E7B-42AA025CC757}"
EndProject
Project("{FAE04EC0-301F-11D3-BF4B-00C04F79EFBC}") = "Nox.Cli.Server.Tests", "..\tests\Nox.Cli.Server.Tests\Nox.Cli.Server.Tests.csproj", "{B0A97144-20F8-4CD1-A8D2-653DC262BB94}"
EndProject
Project("{FAE04EC0-301F-11D3-BF4B-00C04F79EFBC}") = "Nox.Cli.Server.Integration", "Nox.Cli.Server.Integration\Nox.Cli.Server.Integration.csproj", "{23FA13E2-E0C4-4172-BD19-760DF7B4AB0E}"
EndProject
Project("{FAE04EC0-301F-11D3-BF4B-00C04F79EFBC}") = "Nox.Cli.Authentication", "Nox.Cli.Authentication\Nox.Cli.Authentication.csproj", "{6438E836-2653-4B24-8DF5-C724D511D017}"
EndProject
Project("{FAE04EC0-301F-11D3-BF4B-00C04F79EFBC}") = "Nox.Cli.Server.Cache", "Nox.Cli.Server.Cache\Nox.Cli.Server.Cache.csproj", "{B24E4B48-50EA-4EAB-A2A8-18D75DF16517}"
EndProject
Project("{FAE04EC0-301F-11D3-BF4B-00C04F79EFBC}") = "Nox.Cli.Helpers", "Nox.Cli.Helpers\Nox.Cli.Helpers.csproj", "{926D6750-5BB4-419D-9458-576ACB030C39}"
EndProject
Project("{FAE04EC0-301F-11D3-BF4B-00C04F79EFBC}") = "Nox.Cli.Authentication.Tests", "Nox.Cli.Authentication.Tests\Nox.Cli.Authentication.Tests.csproj", "{F8EEC3EE-D952-4E12-AD35-027D37A08729}"
EndProject
Project("{FAE04EC0-301F-11D3-BF4B-00C04F79EFBC}") = "Nox.Cli.Authentication.Azure", "Nox.Cli.Authentication.Azure\Nox.Cli.Authentication.Azure.csproj", "{DA24182D-191F-4022-9D3C-E744A4226EF8}"
EndProject
Project("{FAE04EC0-301F-11D3-BF4B-00C04F79EFBC}") = "Nox.Cli.Configuration", "Nox.Cli.Configuration\Nox.Cli.Configuration.csproj", "{A59D2120-E7D4-4ED5-B7DA-9D68ED9DA544}"
EndProject
Project("{FAE04EC0-301F-11D3-BF4B-00C04F79EFBC}") = "Nox.Cli.Variables", "Nox.Cli.Variables\Nox.Cli.Variables.csproj", "{1454458B-CF69-48AC-B7CF-0F8D1C93A3AD}"
EndProject
Project("{FAE04EC0-301F-11D3-BF4B-00C04F79EFBC}") = "Nox.Cli.Secrets", "Nox.Cli.Secrets\Nox.Cli.Secrets.csproj", "{9911EA59-1754-466B-B920-AB4AA86EC05A}"
EndProject
Project("{FAE04EC0-301F-11D3-BF4B-00C04F79EFBC}") = "Nox.Cli.Server.Abstractions", "Nox.Cli.Server.Abstractions\Nox.Cli.Server.Abstractions.csproj", "{0D7A8A90-FE75-41CF-974B-29FE22308BB9}"
EndProject
Project("{2150E333-8FDC-42A3-9474-1A3956D46DE8}") = "Tests", "Tests", "{63454657-F25B-4BAB-8868-0766A619BFE6}"
EndProject
Project("{FAE04EC0-301F-11D3-BF4B-00C04F79EFBC}") = "Nox.Cli.Plugin.Project", "Nox.Cli.Plugins\Nox.Cli.Plugin.Project\Nox.Cli.Plugin.Project.csproj", "{96ED98B7-DB3E-463E-8F3D-0B634FD304FA}"
EndProject
Project("{FAE04EC0-301F-11D3-BF4B-00C04F79EFBC}") = "Nox.Cli.Plugin.Hcl", "Nox.Cli.Plugins\Nox.Cli.Plugin.Hcl\Nox.Cli.Plugin.Hcl.csproj", "{DCFEE5E9-913E-4B78-8423-DA9D2D80B7AE}"
EndProject
Project("{FAE04EC0-301F-11D3-BF4B-00C04F79EFBC}") = "Nox.Cli.Plugin.Teams", "Nox.Cli.Plugins\Nox.Cli.Plugin.Teams\Nox.Cli.Plugin.Teams.csproj", "{8B5AAA52-36CE-49DA-B6E2-CEE856191CC5}"
EndProject
Project("{FAE04EC0-301F-11D3-BF4B-00C04F79EFBC}") = "Nox.Cli.Plugin.Arm", "Nox.Cli.Plugins\Nox.Cli.Plugin.Arm\Nox.Cli.Plugin.Arm.csproj", "{9FB9DAF5-54F6-4290-BD4E-F69F5F63B251}"
EndProject
Project("{FAE04EC0-301F-11D3-BF4B-00C04F79EFBC}") = "Nox.Cli.Caching", "Nox.Cli.Caching\Nox.Cli.Caching.csproj", "{403A865D-00EF-4DC8-B0E6-89D077FF4B59}"
EndProject
Project("{2150E333-8FDC-42A3-9474-1A3956D46DE8}") = "Plugins", "Plugins", "{E3FA4748-9B96-42E7-BDE8-1F08AA8AD4D9}"
EndProject
Project("{FAE04EC0-301F-11D3-BF4B-00C04F79EFBC}") = "Nox.Cli.Plugin.Core", "Nox.Cli.Plugins\Nox.Cli.Plugin.Core\Nox.Cli.Plugin.Core.csproj", "{A6C0569C-1BDD-4862-8425-49B848F4A17B}"
EndProject
Project("{FAE04EC0-301F-11D3-BF4B-00C04F79EFBC}") = "Nox.Cli.Plugin.Elastic", "Nox.Cli.Plugins\Nox.Cli.Plugin.Elastic\Nox.Cli.Plugin.Elastic.csproj", "{E71FC419-2898-485D-8588-8E012F064F48}"
EndProject
Project("{FAE04EC0-301F-11D3-BF4B-00C04F79EFBC}") = "Nox.Cli.Plugin.Test", "Nox.Cli.Plugins\Nox.Cli.Plugin.Test\Nox.Cli.Plugin.Test.csproj", "{6117EE16-9A61-446F-B409-484DE41FC26E}"
EndProject
Project("{FAE04EC0-301F-11D3-BF4B-00C04F79EFBC}") = "CoreTests", "CoreTests\CoreTests.csproj", "{4D25DF29-1045-4F6C-A5EF-C66C94A5B1E4}"
EndProject
Global
	GlobalSection(SolutionConfigurationPlatforms) = preSolution
		Debug|Any CPU = Debug|Any CPU
		Release|Any CPU = Release|Any CPU
	EndGlobalSection
	GlobalSection(ProjectConfigurationPlatforms) = postSolution
		{71AF2BBF-4D89-423A-A1EA-2644B561EB00}.Debug|Any CPU.ActiveCfg = Debug|Any CPU
		{71AF2BBF-4D89-423A-A1EA-2644B561EB00}.Debug|Any CPU.Build.0 = Debug|Any CPU
		{71AF2BBF-4D89-423A-A1EA-2644B561EB00}.Release|Any CPU.ActiveCfg = Release|Any CPU
		{71AF2BBF-4D89-423A-A1EA-2644B561EB00}.Release|Any CPU.Build.0 = Release|Any CPU
		{AFEB9CCC-92CA-4AFD-9536-5AC41B2EC329}.Debug|Any CPU.ActiveCfg = Debug|Any CPU
		{AFEB9CCC-92CA-4AFD-9536-5AC41B2EC329}.Debug|Any CPU.Build.0 = Debug|Any CPU
		{AFEB9CCC-92CA-4AFD-9536-5AC41B2EC329}.Release|Any CPU.ActiveCfg = Release|Any CPU
		{AFEB9CCC-92CA-4AFD-9536-5AC41B2EC329}.Release|Any CPU.Build.0 = Release|Any CPU
		{8E8A45E5-B66E-41CE-B2D6-9247CA53B34B}.Debug|Any CPU.ActiveCfg = Debug|Any CPU
		{8E8A45E5-B66E-41CE-B2D6-9247CA53B34B}.Debug|Any CPU.Build.0 = Debug|Any CPU
		{8E8A45E5-B66E-41CE-B2D6-9247CA53B34B}.Release|Any CPU.ActiveCfg = Release|Any CPU
		{8E8A45E5-B66E-41CE-B2D6-9247CA53B34B}.Release|Any CPU.Build.0 = Release|Any CPU
		{E4CFA41A-B61C-45E8-BB27-FD430E83AD59}.Debug|Any CPU.ActiveCfg = Debug|Any CPU
		{E4CFA41A-B61C-45E8-BB27-FD430E83AD59}.Debug|Any CPU.Build.0 = Debug|Any CPU
		{E4CFA41A-B61C-45E8-BB27-FD430E83AD59}.Release|Any CPU.ActiveCfg = Release|Any CPU
		{E4CFA41A-B61C-45E8-BB27-FD430E83AD59}.Release|Any CPU.Build.0 = Release|Any CPU
		{525BE305-D86D-4D12-BC0E-1DD680970521}.Debug|Any CPU.ActiveCfg = Debug|Any CPU
		{525BE305-D86D-4D12-BC0E-1DD680970521}.Debug|Any CPU.Build.0 = Debug|Any CPU
		{525BE305-D86D-4D12-BC0E-1DD680970521}.Release|Any CPU.ActiveCfg = Release|Any CPU
		{525BE305-D86D-4D12-BC0E-1DD680970521}.Release|Any CPU.Build.0 = Release|Any CPU
		{EBD62630-AAEB-4535-9133-8C2B9F70B92E}.Debug|Any CPU.ActiveCfg = Debug|Any CPU
		{EBD62630-AAEB-4535-9133-8C2B9F70B92E}.Debug|Any CPU.Build.0 = Debug|Any CPU
		{EBD62630-AAEB-4535-9133-8C2B9F70B92E}.Release|Any CPU.ActiveCfg = Release|Any CPU
		{EBD62630-AAEB-4535-9133-8C2B9F70B92E}.Release|Any CPU.Build.0 = Release|Any CPU
		{A756124C-2559-4032-BB26-8FBC9E32CCB6}.Debug|Any CPU.ActiveCfg = Debug|Any CPU
		{A756124C-2559-4032-BB26-8FBC9E32CCB6}.Debug|Any CPU.Build.0 = Debug|Any CPU
		{A756124C-2559-4032-BB26-8FBC9E32CCB6}.Release|Any CPU.ActiveCfg = Release|Any CPU
		{A756124C-2559-4032-BB26-8FBC9E32CCB6}.Release|Any CPU.Build.0 = Release|Any CPU
		{EE229EFB-FC0F-4A36-BF01-016989A3E069}.Debug|Any CPU.ActiveCfg = Debug|Any CPU
		{EE229EFB-FC0F-4A36-BF01-016989A3E069}.Debug|Any CPU.Build.0 = Debug|Any CPU
		{EE229EFB-FC0F-4A36-BF01-016989A3E069}.Release|Any CPU.ActiveCfg = Release|Any CPU
		{EE229EFB-FC0F-4A36-BF01-016989A3E069}.Release|Any CPU.Build.0 = Release|Any CPU
		{99D27D81-9868-49B9-B344-17826D0554EB}.Debug|Any CPU.ActiveCfg = Debug|Any CPU
		{99D27D81-9868-49B9-B344-17826D0554EB}.Debug|Any CPU.Build.0 = Debug|Any CPU
		{99D27D81-9868-49B9-B344-17826D0554EB}.Release|Any CPU.ActiveCfg = Release|Any CPU
		{99D27D81-9868-49B9-B344-17826D0554EB}.Release|Any CPU.Build.0 = Release|Any CPU
		{5A53E5C3-4470-4C17-992A-0A23DC4D8CBB}.Debug|Any CPU.ActiveCfg = Debug|Any CPU
		{5A53E5C3-4470-4C17-992A-0A23DC4D8CBB}.Debug|Any CPU.Build.0 = Debug|Any CPU
		{5A53E5C3-4470-4C17-992A-0A23DC4D8CBB}.Release|Any CPU.ActiveCfg = Release|Any CPU
		{5A53E5C3-4470-4C17-992A-0A23DC4D8CBB}.Release|Any CPU.Build.0 = Release|Any CPU
		{E8E7C18B-EE89-43E0-9E7B-42AA025CC757}.Debug|Any CPU.ActiveCfg = Debug|Any CPU
		{E8E7C18B-EE89-43E0-9E7B-42AA025CC757}.Debug|Any CPU.Build.0 = Debug|Any CPU
		{E8E7C18B-EE89-43E0-9E7B-42AA025CC757}.Release|Any CPU.ActiveCfg = Release|Any CPU
		{E8E7C18B-EE89-43E0-9E7B-42AA025CC757}.Release|Any CPU.Build.0 = Release|Any CPU
		{B0A97144-20F8-4CD1-A8D2-653DC262BB94}.Debug|Any CPU.ActiveCfg = Debug|Any CPU
		{B0A97144-20F8-4CD1-A8D2-653DC262BB94}.Debug|Any CPU.Build.0 = Debug|Any CPU
		{B0A97144-20F8-4CD1-A8D2-653DC262BB94}.Release|Any CPU.ActiveCfg = Release|Any CPU
		{B0A97144-20F8-4CD1-A8D2-653DC262BB94}.Release|Any CPU.Build.0 = Release|Any CPU
		{23FA13E2-E0C4-4172-BD19-760DF7B4AB0E}.Debug|Any CPU.ActiveCfg = Debug|Any CPU
		{23FA13E2-E0C4-4172-BD19-760DF7B4AB0E}.Debug|Any CPU.Build.0 = Debug|Any CPU
		{23FA13E2-E0C4-4172-BD19-760DF7B4AB0E}.Release|Any CPU.ActiveCfg = Release|Any CPU
		{23FA13E2-E0C4-4172-BD19-760DF7B4AB0E}.Release|Any CPU.Build.0 = Release|Any CPU
		{6438E836-2653-4B24-8DF5-C724D511D017}.Debug|Any CPU.ActiveCfg = Debug|Any CPU
		{6438E836-2653-4B24-8DF5-C724D511D017}.Debug|Any CPU.Build.0 = Debug|Any CPU
		{6438E836-2653-4B24-8DF5-C724D511D017}.Release|Any CPU.ActiveCfg = Release|Any CPU
		{6438E836-2653-4B24-8DF5-C724D511D017}.Release|Any CPU.Build.0 = Release|Any CPU
		{B24E4B48-50EA-4EAB-A2A8-18D75DF16517}.Debug|Any CPU.ActiveCfg = Debug|Any CPU
		{B24E4B48-50EA-4EAB-A2A8-18D75DF16517}.Debug|Any CPU.Build.0 = Debug|Any CPU
		{B24E4B48-50EA-4EAB-A2A8-18D75DF16517}.Release|Any CPU.ActiveCfg = Release|Any CPU
		{B24E4B48-50EA-4EAB-A2A8-18D75DF16517}.Release|Any CPU.Build.0 = Release|Any CPU
		{926D6750-5BB4-419D-9458-576ACB030C39}.Debug|Any CPU.ActiveCfg = Debug|Any CPU
		{926D6750-5BB4-419D-9458-576ACB030C39}.Debug|Any CPU.Build.0 = Debug|Any CPU
		{926D6750-5BB4-419D-9458-576ACB030C39}.Release|Any CPU.ActiveCfg = Release|Any CPU
		{926D6750-5BB4-419D-9458-576ACB030C39}.Release|Any CPU.Build.0 = Release|Any CPU
		{F8EEC3EE-D952-4E12-AD35-027D37A08729}.Debug|Any CPU.ActiveCfg = Debug|Any CPU
		{F8EEC3EE-D952-4E12-AD35-027D37A08729}.Debug|Any CPU.Build.0 = Debug|Any CPU
		{F8EEC3EE-D952-4E12-AD35-027D37A08729}.Release|Any CPU.ActiveCfg = Release|Any CPU
		{F8EEC3EE-D952-4E12-AD35-027D37A08729}.Release|Any CPU.Build.0 = Release|Any CPU
		{DA24182D-191F-4022-9D3C-E744A4226EF8}.Debug|Any CPU.ActiveCfg = Debug|Any CPU
		{DA24182D-191F-4022-9D3C-E744A4226EF8}.Debug|Any CPU.Build.0 = Debug|Any CPU
		{DA24182D-191F-4022-9D3C-E744A4226EF8}.Release|Any CPU.ActiveCfg = Release|Any CPU
		{DA24182D-191F-4022-9D3C-E744A4226EF8}.Release|Any CPU.Build.0 = Release|Any CPU
		{A59D2120-E7D4-4ED5-B7DA-9D68ED9DA544}.Debug|Any CPU.ActiveCfg = Debug|Any CPU
		{A59D2120-E7D4-4ED5-B7DA-9D68ED9DA544}.Debug|Any CPU.Build.0 = Debug|Any CPU
		{A59D2120-E7D4-4ED5-B7DA-9D68ED9DA544}.Release|Any CPU.ActiveCfg = Release|Any CPU
		{A59D2120-E7D4-4ED5-B7DA-9D68ED9DA544}.Release|Any CPU.Build.0 = Release|Any CPU
		{1454458B-CF69-48AC-B7CF-0F8D1C93A3AD}.Debug|Any CPU.ActiveCfg = Debug|Any CPU
		{1454458B-CF69-48AC-B7CF-0F8D1C93A3AD}.Debug|Any CPU.Build.0 = Debug|Any CPU
		{1454458B-CF69-48AC-B7CF-0F8D1C93A3AD}.Release|Any CPU.ActiveCfg = Release|Any CPU
		{1454458B-CF69-48AC-B7CF-0F8D1C93A3AD}.Release|Any CPU.Build.0 = Release|Any CPU
		{9911EA59-1754-466B-B920-AB4AA86EC05A}.Debug|Any CPU.ActiveCfg = Debug|Any CPU
		{9911EA59-1754-466B-B920-AB4AA86EC05A}.Debug|Any CPU.Build.0 = Debug|Any CPU
		{9911EA59-1754-466B-B920-AB4AA86EC05A}.Release|Any CPU.ActiveCfg = Release|Any CPU
		{9911EA59-1754-466B-B920-AB4AA86EC05A}.Release|Any CPU.Build.0 = Release|Any CPU
		{0D7A8A90-FE75-41CF-974B-29FE22308BB9}.Debug|Any CPU.ActiveCfg = Debug|Any CPU
		{0D7A8A90-FE75-41CF-974B-29FE22308BB9}.Debug|Any CPU.Build.0 = Debug|Any CPU
		{0D7A8A90-FE75-41CF-974B-29FE22308BB9}.Release|Any CPU.ActiveCfg = Release|Any CPU
		{0D7A8A90-FE75-41CF-974B-29FE22308BB9}.Release|Any CPU.Build.0 = Release|Any CPU
		{96ED98B7-DB3E-463E-8F3D-0B634FD304FA}.Debug|Any CPU.ActiveCfg = Debug|Any CPU
		{96ED98B7-DB3E-463E-8F3D-0B634FD304FA}.Debug|Any CPU.Build.0 = Debug|Any CPU
		{96ED98B7-DB3E-463E-8F3D-0B634FD304FA}.Release|Any CPU.ActiveCfg = Release|Any CPU
		{96ED98B7-DB3E-463E-8F3D-0B634FD304FA}.Release|Any CPU.Build.0 = Release|Any CPU
		{DCFEE5E9-913E-4B78-8423-DA9D2D80B7AE}.Debug|Any CPU.ActiveCfg = Debug|Any CPU
		{DCFEE5E9-913E-4B78-8423-DA9D2D80B7AE}.Debug|Any CPU.Build.0 = Debug|Any CPU
		{DCFEE5E9-913E-4B78-8423-DA9D2D80B7AE}.Release|Any CPU.ActiveCfg = Release|Any CPU
		{DCFEE5E9-913E-4B78-8423-DA9D2D80B7AE}.Release|Any CPU.Build.0 = Release|Any CPU
		{8B5AAA52-36CE-49DA-B6E2-CEE856191CC5}.Debug|Any CPU.ActiveCfg = Debug|Any CPU
		{8B5AAA52-36CE-49DA-B6E2-CEE856191CC5}.Debug|Any CPU.Build.0 = Debug|Any CPU
		{8B5AAA52-36CE-49DA-B6E2-CEE856191CC5}.Release|Any CPU.ActiveCfg = Release|Any CPU
		{8B5AAA52-36CE-49DA-B6E2-CEE856191CC5}.Release|Any CPU.Build.0 = Release|Any CPU
		{9FB9DAF5-54F6-4290-BD4E-F69F5F63B251}.Debug|Any CPU.ActiveCfg = Debug|Any CPU
		{9FB9DAF5-54F6-4290-BD4E-F69F5F63B251}.Debug|Any CPU.Build.0 = Debug|Any CPU
		{9FB9DAF5-54F6-4290-BD4E-F69F5F63B251}.Release|Any CPU.ActiveCfg = Release|Any CPU
		{9FB9DAF5-54F6-4290-BD4E-F69F5F63B251}.Release|Any CPU.Build.0 = Release|Any CPU
		{403A865D-00EF-4DC8-B0E6-89D077FF4B59}.Debug|Any CPU.ActiveCfg = Debug|Any CPU
		{403A865D-00EF-4DC8-B0E6-89D077FF4B59}.Debug|Any CPU.Build.0 = Debug|Any CPU
		{403A865D-00EF-4DC8-B0E6-89D077FF4B59}.Release|Any CPU.ActiveCfg = Release|Any CPU
		{403A865D-00EF-4DC8-B0E6-89D077FF4B59}.Release|Any CPU.Build.0 = Release|Any CPU
		{A6C0569C-1BDD-4862-8425-49B848F4A17B}.Debug|Any CPU.ActiveCfg = Debug|Any CPU
		{A6C0569C-1BDD-4862-8425-49B848F4A17B}.Debug|Any CPU.Build.0 = Debug|Any CPU
		{A6C0569C-1BDD-4862-8425-49B848F4A17B}.Release|Any CPU.ActiveCfg = Release|Any CPU
		{A6C0569C-1BDD-4862-8425-49B848F4A17B}.Release|Any CPU.Build.0 = Release|Any CPU
		{E71FC419-2898-485D-8588-8E012F064F48}.Debug|Any CPU.ActiveCfg = Debug|Any CPU
		{E71FC419-2898-485D-8588-8E012F064F48}.Debug|Any CPU.Build.0 = Debug|Any CPU
		{E71FC419-2898-485D-8588-8E012F064F48}.Release|Any CPU.ActiveCfg = Release|Any CPU
		{E71FC419-2898-485D-8588-8E012F064F48}.Release|Any CPU.Build.0 = Release|Any CPU
		{6117EE16-9A61-446F-B409-484DE41FC26E}.Debug|Any CPU.ActiveCfg = Debug|Any CPU
		{6117EE16-9A61-446F-B409-484DE41FC26E}.Debug|Any CPU.Build.0 = Debug|Any CPU
		{6117EE16-9A61-446F-B409-484DE41FC26E}.Release|Any CPU.ActiveCfg = Release|Any CPU
		{6117EE16-9A61-446F-B409-484DE41FC26E}.Release|Any CPU.Build.0 = Release|Any CPU
		{4D25DF29-1045-4F6C-A5EF-C66C94A5B1E4}.Debug|Any CPU.ActiveCfg = Debug|Any CPU
		{4D25DF29-1045-4F6C-A5EF-C66C94A5B1E4}.Debug|Any CPU.Build.0 = Debug|Any CPU
		{4D25DF29-1045-4F6C-A5EF-C66C94A5B1E4}.Release|Any CPU.ActiveCfg = Release|Any CPU
		{4D25DF29-1045-4F6C-A5EF-C66C94A5B1E4}.Release|Any CPU.Build.0 = Release|Any CPU
	EndGlobalSection
	GlobalSection(SolutionProperties) = preSolution
		HideSolutionNode = FALSE
	EndGlobalSection
	GlobalSection(ExtensibilityGlobals) = postSolution
		SolutionGuid = {B440C24E-F11D-4F28-9EE5-F7AB214679E6}
	EndGlobalSection
	GlobalSection(NestedProjects) = preSolution
		{B0A97144-20F8-4CD1-A8D2-653DC262BB94} = {63454657-F25B-4BAB-8868-0766A619BFE6}
		{9FB9DAF5-54F6-4290-BD4E-F69F5F63B251} = {E3FA4748-9B96-42E7-BDE8-1F08AA8AD4D9}
		{EBD62630-AAEB-4535-9133-8C2B9F70B92E} = {E3FA4748-9B96-42E7-BDE8-1F08AA8AD4D9}
		{525BE305-D86D-4D12-BC0E-1DD680970521} = {E3FA4748-9B96-42E7-BDE8-1F08AA8AD4D9}
		{99D27D81-9868-49B9-B344-17826D0554EB} = {E3FA4748-9B96-42E7-BDE8-1F08AA8AD4D9}
		{EE229EFB-FC0F-4A36-BF01-016989A3E069} = {E3FA4748-9B96-42E7-BDE8-1F08AA8AD4D9}
		{DCFEE5E9-913E-4B78-8423-DA9D2D80B7AE} = {E3FA4748-9B96-42E7-BDE8-1F08AA8AD4D9}
		{8E8A45E5-B66E-41CE-B2D6-9247CA53B34B} = {E3FA4748-9B96-42E7-BDE8-1F08AA8AD4D9}
		{E4CFA41A-B61C-45E8-BB27-FD430E83AD59} = {E3FA4748-9B96-42E7-BDE8-1F08AA8AD4D9}
		{A756124C-2559-4032-BB26-8FBC9E32CCB6} = {E3FA4748-9B96-42E7-BDE8-1F08AA8AD4D9}
		{96ED98B7-DB3E-463E-8F3D-0B634FD304FA} = {E3FA4748-9B96-42E7-BDE8-1F08AA8AD4D9}
		{8B5AAA52-36CE-49DA-B6E2-CEE856191CC5} = {E3FA4748-9B96-42E7-BDE8-1F08AA8AD4D9}
		{A6C0569C-1BDD-4862-8425-49B848F4A17B} = {E3FA4748-9B96-42E7-BDE8-1F08AA8AD4D9}
		{E71FC419-2898-485D-8588-8E012F064F48} = {E3FA4748-9B96-42E7-BDE8-1F08AA8AD4D9}
		{6117EE16-9A61-446F-B409-484DE41FC26E} = {E3FA4748-9B96-42E7-BDE8-1F08AA8AD4D9}
		{4D25DF29-1045-4F6C-A5EF-C66C94A5B1E4} = {63454657-F25B-4BAB-8868-0766A619BFE6}
	EndGlobalSection
EndGlobal
